
Microsoft Visual Studio Solution File, Format Version 12.00
# Visual Studio Version 17
VisualStudioVersion = 17.2.32602.215
MinimumVisualStudioVersion = 10.0.40219.1
Project("{FAE04EC0-301F-11D3-BF4B-00C04F79EFBC}") = "VideoChat", "VideoChat\VideoChat.csproj", "{FEB83F82-F963-423D-85A3-C3DAF73EAEE2}"
EndProject
Global
	GlobalSection(SolutionConfigurationPlatforms) = preSolution
		Debug|Any CPU = Debug|Any CPU
		Release|Any CPU = Release|Any CPU
	EndGlobalSection
	GlobalSection(ProjectConfigurationPlatforms) = postSolution
		{FEB83F82-F963-423D-85A3-C3DAF73EAEE2}.Debug|Any CPU.ActiveCfg = Debug|Any CPU
		{FEB83F82-F963-423D-85A3-C3DAF73EAEE2}.Debug|Any CPU.Build.0 = Debug|Any CPU
		{FEB83F82-F963-423D-85A3-C3DAF73EAEE2}.Release|Any CPU.ActiveCfg = Release|Any CPU
		{FEB83F82-F963-423D-85A3-C3DAF73EAEE2}.Release|Any CPU.Build.0 = Release|Any CPU
	EndGlobalSection
	GlobalSection(SolutionProperties) = preSolution
		HideSolutionNode = FALSE
	EndGlobalSection
	GlobalSection(ExtensibilityGlobals) = postSolution
		SolutionGuid = {11E28A0E-32DB-43B1-8E1B-C1F402581636}
	EndGlobalSection
EndGlobal
